// !$*UTF8*$!
{
	archiveVersion = 1;
	classes = {
	};
	objectVersion = 46;
	objects = {

/* Begin PBXBuildFile section */
		6303F7DF1B35AC77001C6322 /* Common.swift in Sources */ = {isa = PBXBuildFile; fileRef = 6303F7DD1B35AC77001C6322 /* Common.swift */; };
		6303F8031B35B14E001C6322 /* CoreData.swift in Sources */ = {isa = PBXBuildFile; fileRef = 6303F8021B35B14E001C6322 /* CoreData.swift */; };
		6359B2601B38737300E4EC16 /* Task+CoreDataProperties.swift in Sources */ = {isa = PBXBuildFile; fileRef = 6359B25A1B38737300E4EC16 /* Task+CoreDataProperties.swift */; };
		6359B2611B38737300E4EC16 /* Job+CoreDataProperties.swift in Sources */ = {isa = PBXBuildFile; fileRef = 6359B25B1B38737300E4EC16 /* Job+CoreDataProperties.swift */; };
		6359B2621B38737300E4EC16 /* DataShare+CoreDataProperties.swift in Sources */ = {isa = PBXBuildFile; fileRef = 6359B25C1B38737300E4EC16 /* DataShare+CoreDataProperties.swift */; };
		6359B2631B38737300E4EC16 /* DataShare.swift in Sources */ = {isa = PBXBuildFile; fileRef = 6359B25D1B38737300E4EC16 /* DataShare.swift */; };
		6359B2641B38737300E4EC16 /* Task.swift in Sources */ = {isa = PBXBuildFile; fileRef = 6359B25E1B38737300E4EC16 /* Task.swift */; };
		6359B2651B38737300E4EC16 /* Job.swift in Sources */ = {isa = PBXBuildFile; fileRef = 6359B25F1B38737300E4EC16 /* Job.swift */; };
		6368DB691B370246006044D0 /* JobTableViewController.swift in Sources */ = {isa = PBXBuildFile; fileRef = 6368DB681B370246006044D0 /* JobTableViewController.swift */; };
		6368DB6B1B3702AE006044D0 /* JobTableViewCell.swift in Sources */ = {isa = PBXBuildFile; fileRef = 6368DB6A1B3702AE006044D0 /* JobTableViewCell.swift */; };
		63CE3B941B49411D00A88D28 /* PPHelper.swift in Sources */ = {isa = PBXBuildFile; fileRef = 63CE3B931B49411D00A88D28 /* PPHelper.swift */; };
		63CE3B961B49565700A88D28 /* UIView+Extension.swift in Sources */ = {isa = PBXBuildFile; fileRef = 63CE3B951B49565700A88D28 /* UIView+Extension.swift */; };
		63F96FC31B359D5300AF28A4 /* AppDelegate.swift in Sources */ = {isa = PBXBuildFile; fileRef = 63F96FC21B359D5300AF28A4 /* AppDelegate.swift */; };
		63F96FC81B359D5300AF28A4 /* Main.storyboard in Resources */ = {isa = PBXBuildFile; fileRef = 63F96FC61B359D5300AF28A4 /* Main.storyboard */; };
		63F96FCB1B359D5300AF28A4 /* ToDo.xcdatamodeld in Sources */ = {isa = PBXBuildFile; fileRef = 63F96FC91B359D5300AF28A4 /* ToDo.xcdatamodeld */; };
		63F96FCD1B359D5300AF28A4 /* Assets.xcassets in Resources */ = {isa = PBXBuildFile; fileRef = 63F96FCC1B359D5300AF28A4 /* Assets.xcassets */; };
		63F96FD01B359D5300AF28A4 /* LaunchScreen.storyboard in Resources */ = {isa = PBXBuildFile; fileRef = 63F96FCE1B359D5300AF28A4 /* LaunchScreen.storyboard */; };
		63F96FDE1B359FE200AF28A4 /* Interface.storyboard in Resources */ = {isa = PBXBuildFile; fileRef = 63F96FDC1B359FE200AF28A4 /* Interface.storyboard */; };
		63F96FE01B359FE200AF28A4 /* Assets.xcassets in Resources */ = {isa = PBXBuildFile; fileRef = 63F96FDF1B359FE200AF28A4 /* Assets.xcassets */; };
		63F96FE71B359FE200AF28A4 /* WatchKitApp Extension.appex in Embed App Extensions */ = {isa = PBXBuildFile; fileRef = 63F96FE61B359FE200AF28A4 /* WatchKitApp Extension.appex */; settings = {ATTRIBUTES = (RemoveHeadersOnCopy, ); }; };
		63F96FEE1B359FE200AF28A4 /* InterfaceController.swift in Sources */ = {isa = PBXBuildFile; fileRef = 63F96FED1B359FE200AF28A4 /* InterfaceController.swift */; };
		63F96FF01B359FE200AF28A4 /* ExtensionDelegate.swift in Sources */ = {isa = PBXBuildFile; fileRef = 63F96FEF1B359FE200AF28A4 /* ExtensionDelegate.swift */; };
		63F96FF21B359FE200AF28A4 /* NotificationController.swift in Sources */ = {isa = PBXBuildFile; fileRef = 63F96FF11B359FE200AF28A4 /* NotificationController.swift */; };
		63F96FF41B359FE200AF28A4 /* Assets.xcassets in Resources */ = {isa = PBXBuildFile; fileRef = 63F96FF31B359FE200AF28A4 /* Assets.xcassets */; };
		63F96FF81B359FE200AF28A4 /* WatchKitApp.app in Embed Watch Content */ = {isa = PBXBuildFile; fileRef = 63F96FDA1B359FE200AF28A4 /* WatchKitApp.app */; };
/* End PBXBuildFile section */

/* Begin PBXContainerItemProxy section */
		63F96FE81B359FE200AF28A4 /* PBXContainerItemProxy */ = {
			isa = PBXContainerItemProxy;
			containerPortal = 63F96FB71B359D5300AF28A4 /* Project object */;
			proxyType = 1;
			remoteGlobalIDString = 63F96FE51B359FE200AF28A4;
			remoteInfo = "WatchKitApp Extension";
		};
		63F96FF61B359FE200AF28A4 /* PBXContainerItemProxy */ = {
			isa = PBXContainerItemProxy;
			containerPortal = 63F96FB71B359D5300AF28A4 /* Project object */;
			proxyType = 1;
			remoteGlobalIDString = 63F96FD91B359FE200AF28A4;
			remoteInfo = WatchKitApp;
		};
/* End PBXContainerItemProxy section */

/* Begin PBXCopyFilesBuildPhase section */
		63F96FFC1B359FE200AF28A4 /* Embed App Extensions */ = {
			isa = PBXCopyFilesBuildPhase;
			buildActionMask = 2147483647;
			dstPath = "";
			dstSubfolderSpec = 13;
			files = (
				63F96FE71B359FE200AF28A4 /* WatchKitApp Extension.appex in Embed App Extensions */,
			);
			name = "Embed App Extensions";
			runOnlyForDeploymentPostprocessing = 0;
		};
		63F970001B359FE200AF28A4 /* Embed Watch Content */ = {
			isa = PBXCopyFilesBuildPhase;
			buildActionMask = 2147483647;
			dstPath = "$(CONTENTS_FOLDER_PATH)/Watch";
			dstSubfolderSpec = 16;
			files = (
				63F96FF81B359FE200AF28A4 /* WatchKitApp.app in Embed Watch Content */,
			);
			name = "Embed Watch Content";
			runOnlyForDeploymentPostprocessing = 0;
		};
/* End PBXCopyFilesBuildPhase section */

/* Begin PBXFileReference section */
		6303F7DD1B35AC77001C6322 /* Common.swift */ = {isa = PBXFileReference; fileEncoding = 4; lastKnownFileType = sourcecode.swift; name = Common.swift; path = ToDo/Common.swift; sourceTree = "<group>"; };
		6303F8021B35B14E001C6322 /* CoreData.swift */ = {isa = PBXFileReference; fileEncoding = 4; lastKnownFileType = sourcecode.swift; name = CoreData.swift; path = ToDo/CoreData.swift; sourceTree = "<group>"; };
		6359B25A1B38737300E4EC16 /* Task+CoreDataProperties.swift */ = {isa = PBXFileReference; fileEncoding = 4; lastKnownFileType = sourcecode.swift; name = "Task+CoreDataProperties.swift"; path = "ToDo/Task+CoreDataProperties.swift"; sourceTree = "<group>"; };
		6359B25B1B38737300E4EC16 /* Job+CoreDataProperties.swift */ = {isa = PBXFileReference; fileEncoding = 4; lastKnownFileType = sourcecode.swift; name = "Job+CoreDataProperties.swift"; path = "ToDo/Job+CoreDataProperties.swift"; sourceTree = "<group>"; };
		6359B25C1B38737300E4EC16 /* DataShare+CoreDataProperties.swift */ = {isa = PBXFileReference; fileEncoding = 4; lastKnownFileType = sourcecode.swift; name = "DataShare+CoreDataProperties.swift"; path = "ToDo/DataShare+CoreDataProperties.swift"; sourceTree = "<group>"; };
		6359B25D1B38737300E4EC16 /* DataShare.swift */ = {isa = PBXFileReference; fileEncoding = 4; lastKnownFileType = sourcecode.swift; name = DataShare.swift; path = ToDo/DataShare.swift; sourceTree = "<group>"; };
		6359B25E1B38737300E4EC16 /* Task.swift */ = {isa = PBXFileReference; fileEncoding = 4; lastKnownFileType = sourcecode.swift; name = Task.swift; path = ToDo/Task.swift; sourceTree = "<group>"; };
		6359B25F1B38737300E4EC16 /* Job.swift */ = {isa = PBXFileReference; fileEncoding = 4; lastKnownFileType = sourcecode.swift; name = Job.swift; path = ToDo/Job.swift; sourceTree = "<group>"; };
		6368DB681B370246006044D0 /* JobTableViewController.swift */ = {isa = PBXFileReference; fileEncoding = 4; lastKnownFileType = sourcecode.swift; path = JobTableViewController.swift; sourceTree = "<group>"; };
		6368DB6A1B3702AE006044D0 /* JobTableViewCell.swift */ = {isa = PBXFileReference; fileEncoding = 4; lastKnownFileType = sourcecode.swift; path = JobTableViewCell.swift; sourceTree = "<group>"; };
		63CE3B931B49411D00A88D28 /* PPHelper.swift */ = {isa = PBXFileReference; fileEncoding = 4; lastKnownFileType = sourcecode.swift; path = PPHelper.swift; sourceTree = "<group>"; };
		63CE3B951B49565700A88D28 /* UIView+Extension.swift */ = {isa = PBXFileReference; fileEncoding = 4; lastKnownFileType = sourcecode.swift; path = "UIView+Extension.swift"; sourceTree = "<group>"; };
		63F96FBF1B359D5300AF28A4 /* ToDo.app */ = {isa = PBXFileReference; explicitFileType = wrapper.application; includeInIndex = 0; path = ToDo.app; sourceTree = BUILT_PRODUCTS_DIR; };
		63F96FC21B359D5300AF28A4 /* AppDelegate.swift */ = {isa = PBXFileReference; lastKnownFileType = sourcecode.swift; path = AppDelegate.swift; sourceTree = "<group>"; };
		63F96FC71B359D5300AF28A4 /* Base */ = {isa = PBXFileReference; lastKnownFileType = file.storyboard; name = Base; path = Base.lproj/Main.storyboard; sourceTree = "<group>"; };
		63F96FCA1B359D5300AF28A4 /* ToDo.xcdatamodel */ = {isa = PBXFileReference; lastKnownFileType = wrapper.xcdatamodel; path = ToDo.xcdatamodel; sourceTree = "<group>"; };
		63F96FCC1B359D5300AF28A4 /* Assets.xcassets */ = {isa = PBXFileReference; lastKnownFileType = folder.assetcatalog; path = Assets.xcassets; sourceTree = "<group>"; };
		63F96FCF1B359D5300AF28A4 /* Base */ = {isa = PBXFileReference; lastKnownFileType = file.storyboard; name = Base; path = Base.lproj/LaunchScreen.storyboard; sourceTree = "<group>"; };
		63F96FD11B359D5300AF28A4 /* Info.plist */ = {isa = PBXFileReference; lastKnownFileType = text.plist.xml; path = Info.plist; sourceTree = "<group>"; };
		63F96FDA1B359FE200AF28A4 /* WatchKitApp.app */ = {isa = PBXFileReference; explicitFileType = wrapper.application; includeInIndex = 0; path = WatchKitApp.app; sourceTree = BUILT_PRODUCTS_DIR; };
		63F96FDD1B359FE200AF28A4 /* Base */ = {isa = PBXFileReference; lastKnownFileType = file.storyboard; name = Base; path = Base.lproj/Interface.storyboard; sourceTree = "<group>"; };
		63F96FDF1B359FE200AF28A4 /* Assets.xcassets */ = {isa = PBXFileReference; lastKnownFileType = folder.assetcatalog; path = Assets.xcassets; sourceTree = "<group>"; };
		63F96FE11B359FE200AF28A4 /* Info.plist */ = {isa = PBXFileReference; lastKnownFileType = text.plist.xml; path = Info.plist; sourceTree = "<group>"; };
		63F96FE61B359FE200AF28A4 /* WatchKitApp Extension.appex */ = {isa = PBXFileReference; explicitFileType = "wrapper.app-extension"; includeInIndex = 0; path = "WatchKitApp Extension.appex"; sourceTree = BUILT_PRODUCTS_DIR; };
		63F96FEC1B359FE200AF28A4 /* PushNotificationPayload.apns */ = {isa = PBXFileReference; lastKnownFileType = text; path = PushNotificationPayload.apns; sourceTree = "<group>"; };
		63F96FED1B359FE200AF28A4 /* InterfaceController.swift */ = {isa = PBXFileReference; lastKnownFileType = sourcecode.swift; path = InterfaceController.swift; sourceTree = "<group>"; };
		63F96FEF1B359FE200AF28A4 /* ExtensionDelegate.swift */ = {isa = PBXFileReference; lastKnownFileType = sourcecode.swift; path = ExtensionDelegate.swift; sourceTree = "<group>"; };
		63F96FF11B359FE200AF28A4 /* NotificationController.swift */ = {isa = PBXFileReference; lastKnownFileType = sourcecode.swift; path = NotificationController.swift; sourceTree = "<group>"; };
		63F96FF31B359FE200AF28A4 /* Assets.xcassets */ = {isa = PBXFileReference; lastKnownFileType = folder.assetcatalog; path = Assets.xcassets; sourceTree = "<group>"; };
		63F96FF51B359FE200AF28A4 /* Info.plist */ = {isa = PBXFileReference; lastKnownFileType = text.plist.xml; path = Info.plist; sourceTree = "<group>"; };
/* End PBXFileReference section */

/* Begin PBXFrameworksBuildPhase section */
		63F96FBC1B359D5300AF28A4 /* Frameworks */ = {
			isa = PBXFrameworksBuildPhase;
			buildActionMask = 2147483647;
			files = (
			);
			runOnlyForDeploymentPostprocessing = 0;
		};
		63F96FE31B359FE200AF28A4 /* Frameworks */ = {
			isa = PBXFrameworksBuildPhase;
			buildActionMask = 2147483647;
			files = (
			);
			runOnlyForDeploymentPostprocessing = 0;
		};
/* End PBXFrameworksBuildPhase section */

/* Begin PBXGroup section */
		63CE3B921B4940F800A88D28 /* Helper + Extension */ = {
			isa = PBXGroup;
			children = (
				63CE3B931B49411D00A88D28 /* PPHelper.swift */,
				63CE3B951B49565700A88D28 /* UIView+Extension.swift */,
			);
			name = "Helper + Extension";
			sourceTree = "<group>";
		};
		63F96FB61B359D5300AF28A4 = {
			isa = PBXGroup;
			children = (
				63F96FC11B359D5300AF28A4 /* ToDo */,
				63F96FDB1B359FE200AF28A4 /* WatchKitApp */,
				63F96FEA1B359FE200AF28A4 /* WatchKitApp Extension */,
				63F96FC01B359D5300AF28A4 /* Products */,
			);
			sourceTree = "<group>";
		};
		63F96FC01B359D5300AF28A4 /* Products */ = {
			isa = PBXGroup;
			children = (
				63F96FBF1B359D5300AF28A4 /* ToDo.app */,
				63F96FDA1B359FE200AF28A4 /* WatchKitApp.app */,
				63F96FE61B359FE200AF28A4 /* WatchKitApp Extension.appex */,
			);
			name = Products;
			sourceTree = "<group>";
		};
		63F96FC11B359D5300AF28A4 /* ToDo */ = {
			isa = PBXGroup;
			children = (
				63CE3B921B4940F800A88D28 /* Helper + Extension */,
				63F96FD71B359EC500AF28A4 /* Common */,
				63F96FC21B359D5300AF28A4 /* AppDelegate.swift */,
				63F96FC61B359D5300AF28A4 /* Main.storyboard */,
				6368DB681B370246006044D0 /* JobTableViewController.swift */,
				6368DB6A1B3702AE006044D0 /* JobTableViewCell.swift */,
				63F96FCC1B359D5300AF28A4 /* Assets.xcassets */,
				63F96FCE1B359D5300AF28A4 /* LaunchScreen.storyboard */,
				63F96FD11B359D5300AF28A4 /* Info.plist */,
			);
			path = ToDo;
			sourceTree = "<group>";
		};
		63F96FD71B359EC500AF28A4 /* Common */ = {
			isa = PBXGroup;
			children = (
				6303F7DD1B35AC77001C6322 /* Common.swift */,
				6303F8021B35B14E001C6322 /* CoreData.swift */,
				6359B25C1B38737300E4EC16 /* DataShare+CoreDataProperties.swift */,
				6359B25D1B38737300E4EC16 /* DataShare.swift */,
				6359B25A1B38737300E4EC16 /* Task+CoreDataProperties.swift */,
				6359B25E1B38737300E4EC16 /* Task.swift */,
				6359B25B1B38737300E4EC16 /* Job+CoreDataProperties.swift */,
				6359B25F1B38737300E4EC16 /* Job.swift */,
				63F96FC91B359D5300AF28A4 /* ToDo.xcdatamodeld */,
			);
			name = Common;
			path = ..;
			sourceTree = "<group>";
		};
		63F96FDB1B359FE200AF28A4 /* WatchKitApp */ = {
			isa = PBXGroup;
			children = (
				63F96FDC1B359FE200AF28A4 /* Interface.storyboard */,
				63F96FDF1B359FE200AF28A4 /* Assets.xcassets */,
				63F96FE11B359FE200AF28A4 /* Info.plist */,
			);
			path = WatchKitApp;
			sourceTree = "<group>";
		};
		63F96FEA1B359FE200AF28A4 /* WatchKitApp Extension */ = {
			isa = PBXGroup;
			children = (
				63F96FED1B359FE200AF28A4 /* InterfaceController.swift */,
				63F96FEF1B359FE200AF28A4 /* ExtensionDelegate.swift */,
				63F96FF11B359FE200AF28A4 /* NotificationController.swift */,
				63F96FF31B359FE200AF28A4 /* Assets.xcassets */,
				63F96FF51B359FE200AF28A4 /* Info.plist */,
				63F96FEB1B359FE200AF28A4 /* Supporting Files */,
			);
			path = "WatchKitApp Extension";
			sourceTree = "<group>";
		};
		63F96FEB1B359FE200AF28A4 /* Supporting Files */ = {
			isa = PBXGroup;
			children = (
				63F96FEC1B359FE200AF28A4 /* PushNotificationPayload.apns */,
			);
			name = "Supporting Files";
			sourceTree = "<group>";
		};
/* End PBXGroup section */

/* Begin PBXNativeTarget section */
		63F96FBE1B359D5300AF28A4 /* ToDo */ = {
			isa = PBXNativeTarget;
			buildConfigurationList = 63F96FD41B359D5300AF28A4 /* Build configuration list for PBXNativeTarget "ToDo" */;
			buildPhases = (
				63F96FBB1B359D5300AF28A4 /* Sources */,
				63F96FBC1B359D5300AF28A4 /* Frameworks */,
				63F96FBD1B359D5300AF28A4 /* Resources */,
				63F970001B359FE200AF28A4 /* Embed Watch Content */,
			);
			buildRules = (
			);
			dependencies = (
				63F96FF71B359FE200AF28A4 /* PBXTargetDependency */,
			);
			name = ToDo;
			productName = ToDo;
			productReference = 63F96FBF1B359D5300AF28A4 /* ToDo.app */;
			productType = "com.apple.product-type.application";
		};
		63F96FD91B359FE200AF28A4 /* WatchKitApp */ = {
			isa = PBXNativeTarget;
			buildConfigurationList = 63F96FFD1B359FE200AF28A4 /* Build configuration list for PBXNativeTarget "WatchKitApp" */;
			buildPhases = (
				63F96FD81B359FE200AF28A4 /* Resources */,
				63F96FFC1B359FE200AF28A4 /* Embed App Extensions */,
			);
			buildRules = (
			);
			dependencies = (
				63F96FE91B359FE200AF28A4 /* PBXTargetDependency */,
			);
			name = WatchKitApp;
			productName = WatchKitApp;
			productReference = 63F96FDA1B359FE200AF28A4 /* WatchKitApp.app */;
			productType = "com.apple.product-type.application.watchapp2";
		};
		63F96FE51B359FE200AF28A4 /* WatchKitApp Extension */ = {
			isa = PBXNativeTarget;
			buildConfigurationList = 63F96FF91B359FE200AF28A4 /* Build configuration list for PBXNativeTarget "WatchKitApp Extension" */;
			buildPhases = (
				63F96FE21B359FE200AF28A4 /* Sources */,
				63F96FE31B359FE200AF28A4 /* Frameworks */,
				63F96FE41B359FE200AF28A4 /* Resources */,
			);
			buildRules = (
			);
			dependencies = (
			);
			name = "WatchKitApp Extension";
			productName = "WatchKitApp Extension";
			productReference = 63F96FE61B359FE200AF28A4 /* WatchKitApp Extension.appex */;
			productType = "com.apple.product-type.watchkit2-extension";
		};
/* End PBXNativeTarget section */

/* Begin PBXProject section */
		63F96FB71B359D5300AF28A4 /* Project object */ = {
			isa = PBXProject;
			attributes = {
				LastUpgradeCheck = 0700;
				ORGANIZATIONNAME = "Piri-Piri";
				TargetAttributes = {
					63F96FBE1B359D5300AF28A4 = {
						CreatedOnToolsVersion = 7.0;
					};
					63F96FD91B359FE200AF28A4 = {
						CreatedOnToolsVersion = 7.0;
					};
					63F96FE51B359FE200AF28A4 = {
						CreatedOnToolsVersion = 7.0;
					};
				};
			};
			buildConfigurationList = 63F96FBA1B359D5300AF28A4 /* Build configuration list for PBXProject "ToDo" */;
			compatibilityVersion = "Xcode 3.2";
			developmentRegion = English;
			hasScannedForEncodings = 0;
			knownRegions = (
				en,
				Base,
			);
			mainGroup = 63F96FB61B359D5300AF28A4;
			productRefGroup = 63F96FC01B359D5300AF28A4 /* Products */;
			projectDirPath = "";
			projectRoot = "";
			targets = (
				63F96FBE1B359D5300AF28A4 /* ToDo */,
				63F96FD91B359FE200AF28A4 /* WatchKitApp */,
				63F96FE51B359FE200AF28A4 /* WatchKitApp Extension */,
			);
		};
/* End PBXProject section */

/* Begin PBXResourcesBuildPhase section */
		63F96FBD1B359D5300AF28A4 /* Resources */ = {
			isa = PBXResourcesBuildPhase;
			buildActionMask = 2147483647;
			files = (
				63F96FD01B359D5300AF28A4 /* LaunchScreen.storyboard in Resources */,
				63F96FCD1B359D5300AF28A4 /* Assets.xcassets in Resources */,
				63F96FC81B359D5300AF28A4 /* Main.storyboard in Resources */,
			);
			runOnlyForDeploymentPostprocessing = 0;
		};
		63F96FD81B359FE200AF28A4 /* Resources */ = {
			isa = PBXResourcesBuildPhase;
			buildActionMask = 2147483647;
			files = (
				63F96FE01B359FE200AF28A4 /* Assets.xcassets in Resources */,
				63F96FDE1B359FE200AF28A4 /* Interface.storyboard in Resources */,
			);
			runOnlyForDeploymentPostprocessing = 0;
		};
		63F96FE41B359FE200AF28A4 /* Resources */ = {
			isa = PBXResourcesBuildPhase;
			buildActionMask = 2147483647;
			files = (
				63F96FF41B359FE200AF28A4 /* Assets.xcassets in Resources */,
			);
			runOnlyForDeploymentPostprocessing = 0;
		};
/* End PBXResourcesBuildPhase section */

/* Begin PBXSourcesBuildPhase section */
		63F96FBB1B359D5300AF28A4 /* Sources */ = {
			isa = PBXSourcesBuildPhase;
			buildActionMask = 2147483647;
			files = (
				6303F8031B35B14E001C6322 /* CoreData.swift in Sources */,
				63F96FCB1B359D5300AF28A4 /* ToDo.xcdatamodeld in Sources */,
				6303F7DF1B35AC77001C6322 /* Common.swift in Sources */,
				6359B2631B38737300E4EC16 /* DataShare.swift in Sources */,
				6359B2641B38737300E4EC16 /* Task.swift in Sources */,
				6368DB6B1B3702AE006044D0 /* JobTableViewCell.swift in Sources */,
				6359B2601B38737300E4EC16 /* Task+CoreDataProperties.swift in Sources */,
				6359B2651B38737300E4EC16 /* Job.swift in Sources */,
				63CE3B961B49565700A88D28 /* UIView+Extension.swift in Sources */,
				6359B2621B38737300E4EC16 /* DataShare+CoreDataProperties.swift in Sources */,
				6359B2611B38737300E4EC16 /* Job+CoreDataProperties.swift in Sources */,
				63F96FC31B359D5300AF28A4 /* AppDelegate.swift in Sources */,
				63CE3B941B49411D00A88D28 /* PPHelper.swift in Sources */,
				6368DB691B370246006044D0 /* JobTableViewController.swift in Sources */,
			);
			runOnlyForDeploymentPostprocessing = 0;
		};
		63F96FE21B359FE200AF28A4 /* Sources */ = {
			isa = PBXSourcesBuildPhase;
			buildActionMask = 2147483647;
			files = (
				63F96FF21B359FE200AF28A4 /* NotificationController.swift in Sources */,
				63F96FF01B359FE200AF28A4 /* ExtensionDelegate.swift in Sources */,
				63F96FEE1B359FE200AF28A4 /* InterfaceController.swift in Sources */,
			);
			runOnlyForDeploymentPostprocessing = 0;
		};
/* End PBXSourcesBuildPhase section */

/* Begin PBXTargetDependency section */
		63F96FE91B359FE200AF28A4 /* PBXTargetDependency */ = {
			isa = PBXTargetDependency;
			target = 63F96FE51B359FE200AF28A4 /* WatchKitApp Extension */;
			targetProxy = 63F96FE81B359FE200AF28A4 /* PBXContainerItemProxy */;
		};
		63F96FF71B359FE200AF28A4 /* PBXTargetDependency */ = {
			isa = PBXTargetDependency;
			target = 63F96FD91B359FE200AF28A4 /* WatchKitApp */;
			targetProxy = 63F96FF61B359FE200AF28A4 /* PBXContainerItemProxy */;
		};
/* End PBXTargetDependency section */

/* Begin PBXVariantGroup section */
		63F96FC61B359D5300AF28A4 /* Main.storyboard */ = {
			isa = PBXVariantGroup;
			children = (
				63F96FC71B359D5300AF28A4 /* Base */,
			);
			name = Main.storyboard;
			sourceTree = "<group>";
		};
		63F96FCE1B359D5300AF28A4 /* LaunchScreen.storyboard */ = {
			isa = PBXVariantGroup;
			children = (
				63F96FCF1B359D5300AF28A4 /* Base */,
			);
			name = LaunchScreen.storyboard;
			sourceTree = "<group>";
		};
		63F96FDC1B359FE200AF28A4 /* Interface.storyboard */ = {
			isa = PBXVariantGroup;
			children = (
				63F96FDD1B359FE200AF28A4 /* Base */,
			);
			name = Interface.storyboard;
			sourceTree = "<group>";
		};
/* End PBXVariantGroup section */

/* Begin XCBuildConfiguration section */
		63F96FD21B359D5300AF28A4 /* Debug */ = {
			isa = XCBuildConfiguration;
			buildSettings = {
				ALWAYS_SEARCH_USER_PATHS = NO;
				CLANG_CXX_LANGUAGE_STANDARD = "gnu++0x";
				CLANG_CXX_LIBRARY = "libc++";
				CLANG_ENABLE_MODULES = YES;
				CLANG_ENABLE_OBJC_ARC = YES;
				CLANG_WARN_BOOL_CONVERSION = YES;
				CLANG_WARN_CONSTANT_CONVERSION = YES;
				CLANG_WARN_DIRECT_OBJC_ISA_USAGE = YES_ERROR;
				CLANG_WARN_EMPTY_BODY = YES;
				CLANG_WARN_ENUM_CONVERSION = YES;
				CLANG_WARN_INT_CONVERSION = YES;
				CLANG_WARN_OBJC_ROOT_CLASS = YES_ERROR;
				CLANG_WARN_UNREACHABLE_CODE = YES;
				CLANG_WARN__DUPLICATE_METHOD_MATCH = YES;
				"CODE_SIGN_IDENTITY[sdk=iphoneos*]" = "iPhone Developer";
				COPY_PHASE_STRIP = NO;
				DEBUG_INFORMATION_FORMAT = dwarf;
				ENABLE_STRICT_OBJC_MSGSEND = YES;
				ENABLE_TESTABILITY = YES;
				GCC_C_LANGUAGE_STANDARD = gnu99;
				GCC_DYNAMIC_NO_PIC = NO;
				GCC_NO_COMMON_BLOCKS = YES;
				GCC_OPTIMIZATION_LEVEL = 0;
				GCC_PREPROCESSOR_DEFINITIONS = (
					"DEBUG=1",
					"$(inherited)",
				);
				GCC_WARN_64_TO_32_BIT_CONVERSION = YES;
				GCC_WARN_ABOUT_RETURN_TYPE = YES_ERROR;
				GCC_WARN_UNDECLARED_SELECTOR = YES;
				GCC_WARN_UNINITIALIZED_AUTOS = YES_AGGRESSIVE;
				GCC_WARN_UNUSED_FUNCTION = YES;
				GCC_WARN_UNUSED_VARIABLE = YES;
				IPHONEOS_DEPLOYMENT_TARGET = 9.0;
				MTL_ENABLE_DEBUG_INFO = YES;
				ONLY_ACTIVE_ARCH = YES;
				SDKROOT = iphoneos;
				SWIFT_OPTIMIZATION_LEVEL = "-Onone";
			};
			name = Debug;
		};
		63F96FD31B359D5300AF28A4 /* Release */ = {
			isa = XCBuildConfiguration;
			buildSettings = {
				ALWAYS_SEARCH_USER_PATHS = NO;
				CLANG_CXX_LANGUAGE_STANDARD = "gnu++0x";
				CLANG_CXX_LIBRARY = "libc++";
				CLANG_ENABLE_MODULES = YES;
				CLANG_ENABLE_OBJC_ARC = YES;
				CLANG_WARN_BOOL_CONVERSION = YES;
				CLANG_WARN_CONSTANT_CONVERSION = YES;
				CLANG_WARN_DIRECT_OBJC_ISA_USAGE = YES_ERROR;
				CLANG_WARN_EMPTY_BODY = YES;
				CLANG_WARN_ENUM_CONVERSION = YES;
				CLANG_WARN_INT_CONVERSION = YES;
				CLANG_WARN_OBJC_ROOT_CLASS = YES_ERROR;
				CLANG_WARN_UNREACHABLE_CODE = YES;
				CLANG_WARN__DUPLICATE_METHOD_MATCH = YES;
				"CODE_SIGN_IDENTITY[sdk=iphoneos*]" = "iPhone Developer";
				COPY_PHASE_STRIP = NO;
				DEBUG_INFORMATION_FORMAT = "dwarf-with-dsym";
				ENABLE_NS_ASSERTIONS = NO;
				ENABLE_STRICT_OBJC_MSGSEND = YES;
				GCC_C_LANGUAGE_STANDARD = gnu99;
				GCC_NO_COMMON_BLOCKS = YES;
				GCC_WARN_64_TO_32_BIT_CONVERSION = YES;
				GCC_WARN_ABOUT_RETURN_TYPE = YES_ERROR;
				GCC_WARN_UNDECLARED_SELECTOR = YES;
				GCC_WARN_UNINITIALIZED_AUTOS = YES_AGGRESSIVE;
				GCC_WARN_UNUSED_FUNCTION = YES;
				GCC_WARN_UNUSED_VARIABLE = YES;
				IPHONEOS_DEPLOYMENT_TARGET = 9.0;
				MTL_ENABLE_DEBUG_INFO = NO;
				SDKROOT = iphoneos;
				VALIDATE_PRODUCT = YES;
			};
			name = Release;
		};
		63F96FD51B359D5300AF28A4 /* Debug */ = {
			isa = XCBuildConfiguration;
			buildSettings = {
				ASSETCATALOG_COMPILER_APPICON_NAME = AppIcon;
				INFOPLIST_FILE = ToDo/Info.plist;
				LD_RUNPATH_SEARCH_PATHS = "$(inherited) @executable_path/Frameworks";
				PRODUCT_BUNDLE_IDENTIFIER = "de.piri-piri.ToDo";
				PRODUCT_NAME = "$(TARGET_NAME)";
			};
			name = Debug;
		};
		63F96FD61B359D5300AF28A4 /* Release */ = {
			isa = XCBuildConfiguration;
			buildSettings = {
				ASSETCATALOG_COMPILER_APPICON_NAME = AppIcon;
				INFOPLIST_FILE = ToDo/Info.plist;
				LD_RUNPATH_SEARCH_PATHS = "$(inherited) @executable_path/Frameworks";
				PRODUCT_BUNDLE_IDENTIFIER = "de.piri-piri.ToDo";
				PRODUCT_NAME = "$(TARGET_NAME)";
			};
			name = Release;
		};
		63F96FFA1B359FE200AF28A4 /* Debug */ = {
			isa = XCBuildConfiguration;
			buildSettings = {
				"CODE_SIGN_IDENTITY[sdk=watchos*]" = "iPhone Developer";
				INFOPLIST_FILE = "WatchKitApp Extension/Info.plist";
				LD_RUNPATH_SEARCH_PATHS = "$(inherited) @executable_path/Frameworks @executable_path/../../Frameworks";
				PRODUCT_BUNDLE_IDENTIFIER = "de.piri-piri.ToDo.watchkitapp.watchkitextension";
				PRODUCT_NAME = "${TARGET_NAME}";
				SDKROOT = watchos;
				SKIP_INSTALL = YES;
				TARGETED_DEVICE_FAMILY = 4;
				WATCHOS_DEPLOYMENT_TARGET = 2.0;
			};
			name = Debug;
		};
		63F96FFB1B359FE200AF28A4 /* Release */ = {
			isa = XCBuildConfiguration;
			buildSettings = {
				"CODE_SIGN_IDENTITY[sdk=watchos*]" = "iPhone Developer";
				INFOPLIST_FILE = "WatchKitApp Extension/Info.plist";
				LD_RUNPATH_SEARCH_PATHS = "$(inherited) @executable_path/Frameworks @executable_path/../../Frameworks";
				PRODUCT_BUNDLE_IDENTIFIER = "de.piri-piri.ToDo.watchkitapp.watchkitextension";
				PRODUCT_NAME = "${TARGET_NAME}";
				SDKROOT = watchos;
				SKIP_INSTALL = YES;
				TARGETED_DEVICE_FAMILY = 4;
				WATCHOS_DEPLOYMENT_TARGET = 2.0;
			};
			name = Release;
		};
		63F96FFE1B359FE200AF28A4 /* Debug */ = {
			isa = XCBuildConfiguration;
			buildSettings = {
				ASSETCATALOG_COMPILER_APPICON_NAME = AppIcon;
				"CODE_SIGN_IDENTITY[sdk=watchos*]" = "iPhone Developer";
				EMBEDDED_CONTENT_CONTAINS_SWIFT = YES;
				IBSC_MODULE = WatchKitApp_Extension;
				INFOPLIST_FILE = WatchKitApp/Info.plist;
				PRODUCT_BUNDLE_IDENTIFIER = "de.piri-piri.ToDo.watchkitapp";
				PRODUCT_NAME = "$(TARGET_NAME)";
				SDKROOT = watchos;
				SKIP_INSTALL = YES;
				TARGETED_DEVICE_FAMILY = 4;
				WATCHOS_DEPLOYMENT_TARGET = 2.0;
			};
			name = Debug;
		};
		63F96FFF1B359FE200AF28A4 /* Release */ = {
			isa = XCBuildConfiguration;
			buildSettings = {
				ASSETCATALOG_COMPILER_APPICON_NAME = AppIcon;
				"CODE_SIGN_IDENTITY[sdk=watchos*]" = "iPhone Developer";
				EMBEDDED_CONTENT_CONTAINS_SWIFT = YES;
				IBSC_MODULE = WatchKitApp_Extension;
				INFOPLIST_FILE = WatchKitApp/Info.plist;
				PRODUCT_BUNDLE_IDENTIFIER = "de.piri-piri.ToDo.watchkitapp";
				PRODUCT_NAME = "$(TARGET_NAME)";
				SDKROOT = watchos;
				SKIP_INSTALL = YES;
				TARGETED_DEVICE_FAMILY = 4;
				WATCHOS_DEPLOYMENT_TARGET = 2.0;
			};
			name = Release;
		};
/* End XCBuildConfiguration section */

/* Begin XCConfigurationList section */
		63F96FBA1B359D5300AF28A4 /* Build configuration list for PBXProject "ToDo" */ = {
			isa = XCConfigurationList;
			buildConfigurations = (
				63F96FD21B359D5300AF28A4 /* Debug */,
				63F96FD31B359D5300AF28A4 /* Release */,
			);
			defaultConfigurationIsVisible = 0;
			defaultConfigurationName = Release;
		};
		63F96FD41B359D5300AF28A4 /* Build configuration list for PBXNativeTarget "ToDo" */ = {
			isa = XCConfigurationList;
			buildConfigurations = (
				63F96FD51B359D5300AF28A4 /* Debug */,
				63F96FD61B359D5300AF28A4 /* Release */,
			);
			defaultConfigurationIsVisible = 0;
			defaultConfigurationName = Release;
		};
		63F96FF91B359FE200AF28A4 /* Build configuration list for PBXNativeTarget "WatchKitApp Extension" */ = {
			isa = XCConfigurationList;
			buildConfigurations = (
				63F96FFA1B359FE200AF28A4 /* Debug */,
				63F96FFB1B359FE200AF28A4 /* Release */,
			);
			defaultConfigurationIsVisible = 0;
			defaultConfigurationName = Release;
		};
		63F96FFD1B359FE200AF28A4 /* Build configuration list for PBXNativeTarget "WatchKitApp" */ = {
			isa = XCConfigurationList;
			buildConfigurations = (
				63F96FFE1B359FE200AF28A4 /* Debug */,
				63F96FFF1B359FE200AF28A4 /* Release */,
			);
			defaultConfigurationIsVisible = 0;
			defaultConfigurationName = Release;
		};
/* End XCConfigurationList section */

/* Begin XCVersionGroup section */
		63F96FC91B359D5300AF28A4 /* ToDo.xcdatamodeld */ = {
			isa = XCVersionGroup;
			children = (
				63F96FCA1B359D5300AF28A4 /* ToDo.xcdatamodel */,
			);
			currentVersion = 63F96FCA1B359D5300AF28A4 /* ToDo.xcdatamodel */;
			name = ToDo.xcdatamodeld;
			path = ToDo/ToDo.xcdatamodeld;
			sourceTree = "<group>";
			versionGroupType = wrapper.xcdatamodel;
		};
/* End XCVersionGroup section */
	};
	rootObject = 63F96FB71B359D5300AF28A4 /* Project object */;
}
